// !$*UTF8*$!
{
	archiveVersion = 1;
	classes = {
	};
	objectVersion = 52;
	objects = {

/* Begin PBXBuildFile section */
		3194A5DF26E1CE870071E638 /* AppDelegate.swift in Sources */ = {isa = PBXBuildFile; fileRef = 3194A5DE26E1CE870071E638 /* AppDelegate.swift */; };
		3194A5E126E1CE870071E638 /* SceneDelegate.swift in Sources */ = {isa = PBXBuildFile; fileRef = 3194A5E026E1CE870071E638 /* SceneDelegate.swift */; };
		3194A5E326E1CE870071E638 /* ViewController.swift in Sources */ = {isa = PBXBuildFile; fileRef = 3194A5E226E1CE870071E638 /* ViewController.swift */; };
		3194A5E626E1CE870071E638 /* Main.storyboard in Resources */ = {isa = PBXBuildFile; fileRef = 3194A5E426E1CE870071E638 /* Main.storyboard */; };
		3194A5E826E1CE890071E638 /* Assets.xcassets in Resources */ = {isa = PBXBuildFile; fileRef = 3194A5E726E1CE890071E638 /* Assets.xcassets */; };
		3194A5EB26E1CE890071E638 /* LaunchScreen.storyboard in Resources */ = {isa = PBXBuildFile; fileRef = 3194A5E926E1CE890071E638 /* LaunchScreen.storyboard */; };
		3194A62826E1DB510071E638 /* EyesMapper.swift in Sources */ = {isa = PBXBuildFile; fileRef = 3194A62726E1DB510071E638 /* EyesMapper.swift */; };
		3194A62E26E1DB920071E638 /* PresentationRecord.swift in Sources */ = {isa = PBXBuildFile; fileRef = 3194A62D26E1DB920071E638 /* PresentationRecord.swift */; };
		3194A63226E1DEED0071E638 /* BobaFetch in Frameworks */ = {isa = PBXBuildFile; productRef = 3194A63126E1DEED0071E638 /* BobaFetch */; };
		3194A64726E28A520071E638 /* RecordTableViewCell.swift in Sources */ = {isa = PBXBuildFile; fileRef = 3194A64526E28A520071E638 /* RecordTableViewCell.swift */; };
		3194A64826E28A520071E638 /* RecordTableViewCell.xib in Resources */ = {isa = PBXBuildFile; fileRef = 3194A64626E28A520071E638 /* RecordTableViewCell.xib */; };
		3194A64A26E2C8180071E638 /* PlanetsMapper.swift in Sources */ = {isa = PBXBuildFile; fileRef = 3194A64926E2C8180071E638 /* PlanetsMapper.swift */; };
		3194A64C26E2C82B0071E638 /* FilmsMapper.swift in Sources */ = {isa = PBXBuildFile; fileRef = 3194A64B26E2C82B0071E638 /* FilmsMapper.swift */; };
		3194A64F26E2F01A0071E638 /* Extensions.swift in Sources */ = {isa = PBXBuildFile; fileRef = 3194A64E26E2F01A0071E638 /* Extensions.swift */; };
/* End PBXBuildFile section */

/* Begin PBXFileReference section */
		3194A5DB26E1CE870071E638 /* StarWarsInfo.app */ = {isa = PBXFileReference; explicitFileType = wrapper.application; includeInIndex = 0; path = StarWarsInfo.app; sourceTree = BUILT_PRODUCTS_DIR; };
		3194A5DE26E1CE870071E638 /* AppDelegate.swift */ = {isa = PBXFileReference; lastKnownFileType = sourcecode.swift; path = AppDelegate.swift; sourceTree = "<group>"; };
		3194A5E026E1CE870071E638 /* SceneDelegate.swift */ = {isa = PBXFileReference; lastKnownFileType = sourcecode.swift; path = SceneDelegate.swift; sourceTree = "<group>"; };
		3194A5E226E1CE870071E638 /* ViewController.swift */ = {isa = PBXFileReference; lastKnownFileType = sourcecode.swift; path = ViewController.swift; sourceTree = "<group>"; };
		3194A5E526E1CE870071E638 /* Base */ = {isa = PBXFileReference; lastKnownFileType = file.storyboard; name = Base; path = Base.lproj/Main.storyboard; sourceTree = "<group>"; };
		3194A5E726E1CE890071E638 /* Assets.xcassets */ = {isa = PBXFileReference; lastKnownFileType = folder.assetcatalog; path = Assets.xcassets; sourceTree = "<group>"; };
		3194A5EA26E1CE890071E638 /* Base */ = {isa = PBXFileReference; lastKnownFileType = file.storyboard; name = Base; path = Base.lproj/LaunchScreen.storyboard; sourceTree = "<group>"; };
		3194A5EC26E1CE890071E638 /* Info.plist */ = {isa = PBXFileReference; lastKnownFileType = text.plist.xml; path = Info.plist; sourceTree = "<group>"; };
		3194A62726E1DB510071E638 /* EyesMapper.swift */ = {isa = PBXFileReference; lastKnownFileType = sourcecode.swift; path = EyesMapper.swift; sourceTree = "<group>"; };
		3194A62D26E1DB920071E638 /* PresentationRecord.swift */ = {isa = PBXFileReference; lastKnownFileType = sourcecode.swift; path = PresentationRecord.swift; sourceTree = "<group>"; };
		3194A64526E28A520071E638 /* RecordTableViewCell.swift */ = {isa = PBXFileReference; lastKnownFileType = sourcecode.swift; path = RecordTableViewCell.swift; sourceTree = "<group>"; };
		3194A64626E28A520071E638 /* RecordTableViewCell.xib */ = {isa = PBXFileReference; lastKnownFileType = file.xib; path = RecordTableViewCell.xib; sourceTree = "<group>"; };
		3194A64926E2C8180071E638 /* PlanetsMapper.swift */ = {isa = PBXFileReference; lastKnownFileType = sourcecode.swift; path = PlanetsMapper.swift; sourceTree = "<group>"; };
		3194A64B26E2C82B0071E638 /* FilmsMapper.swift */ = {isa = PBXFileReference; lastKnownFileType = sourcecode.swift; path = FilmsMapper.swift; sourceTree = "<group>"; };
		3194A64E26E2F01A0071E638 /* Extensions.swift */ = {isa = PBXFileReference; lastKnownFileType = sourcecode.swift; path = Extensions.swift; sourceTree = "<group>"; };
/* End PBXFileReference section */

/* Begin PBXFrameworksBuildPhase section */
		3194A5D826E1CE870071E638 /* Frameworks */ = {
			isa = PBXFrameworksBuildPhase;
			buildActionMask = 2147483647;
			files = (
				3194A63226E1DEED0071E638 /* BobaFetch in Frameworks */,
			);
			runOnlyForDeploymentPostprocessing = 0;
		};
/* End PBXFrameworksBuildPhase section */

/* Begin PBXGroup section */
		3194A5D226E1CE870071E638 = {
			isa = PBXGroup;
			children = (
				3194A5DD26E1CE870071E638 /* StarWarsInfo */,
				3194A5DC26E1CE870071E638 /* Products */,
			);
			sourceTree = "<group>";
		};
		3194A5DC26E1CE870071E638 /* Products */ = {
			isa = PBXGroup;
			children = (
				3194A5DB26E1CE870071E638 /* StarWarsInfo.app */,
			);
			name = Products;
			sourceTree = "<group>";
		};
		3194A5DD26E1CE870071E638 /* StarWarsInfo */ = {
			isa = PBXGroup;
			children = (
				3194A64D26E2F0100071E638 /* Service */,
				3194A64426E28A350071E638 /* Presentation */,
				3194A62B26E1DB6D0071E638 /* Domain */,
				3194A62626E1DB420071E638 /* Mappers */,
				3194A5DE26E1CE870071E638 /* AppDelegate.swift */,
				3194A5E026E1CE870071E638 /* SceneDelegate.swift */,
				3194A5E426E1CE870071E638 /* Main.storyboard */,
				3194A5E726E1CE890071E638 /* Assets.xcassets */,
				3194A5E926E1CE890071E638 /* LaunchScreen.storyboard */,
				3194A5EC26E1CE890071E638 /* Info.plist */,
			);
			path = StarWarsInfo;
			sourceTree = "<group>";
		};
		3194A62626E1DB420071E638 /* Mappers */ = {
			isa = PBXGroup;
			children = (
				3194A62726E1DB510071E638 /* EyesMapper.swift */,
				3194A64926E2C8180071E638 /* PlanetsMapper.swift */,
				3194A64B26E2C82B0071E638 /* FilmsMapper.swift */,
			);
			path = Mappers;
			sourceTree = "<group>";
		};
		3194A62B26E1DB6D0071E638 /* Domain */ = {
			isa = PBXGroup;
			children = (
				3194A62C26E1DB840071E638 /* Entities */,
			);
			path = Domain;
			sourceTree = "<group>";
		};
		3194A62C26E1DB840071E638 /* Entities */ = {
			isa = PBXGroup;
			children = (
				3194A62D26E1DB920071E638 /* PresentationRecord.swift */,
			);
			path = Entities;
			sourceTree = "<group>";
		};
		3194A64426E28A350071E638 /* Presentation */ = {
			isa = PBXGroup;
			children = (
				3194A5E226E1CE870071E638 /* ViewController.swift */,
				3194A64526E28A520071E638 /* RecordTableViewCell.swift */,
				3194A64626E28A520071E638 /* RecordTableViewCell.xib */,
			);
			path = Presentation;
			sourceTree = "<group>";
		};
		3194A64D26E2F0100071E638 /* Service */ = {
			isa = PBXGroup;
			children = (
				3194A64E26E2F01A0071E638 /* Extensions.swift */,
			);
			path = Service;
			sourceTree = "<group>";
		};
/* End PBXGroup section */

/* Begin PBXNativeTarget section */
		3194A5DA26E1CE870071E638 /* StarWarsInfo */ = {
			isa = PBXNativeTarget;
			buildConfigurationList = 3194A5EF26E1CE890071E638 /* Build configuration list for PBXNativeTarget "StarWarsInfo" */;
			buildPhases = (
				3194A5D726E1CE870071E638 /* Sources */,
				3194A5D826E1CE870071E638 /* Frameworks */,
				3194A5D926E1CE870071E638 /* Resources */,
			);
			buildRules = (
			);
			dependencies = (
			);
			name = StarWarsInfo;
			packageProductDependencies = (
				3194A63126E1DEED0071E638 /* BobaFetch */,
			);
			productName = StarWarsInfo;
			productReference = 3194A5DB26E1CE870071E638 /* StarWarsInfo.app */;
			productType = "com.apple.product-type.application";
		};
/* End PBXNativeTarget section */

/* Begin PBXProject section */
		3194A5D326E1CE870071E638 /* Project object */ = {
			isa = PBXProject;
			attributes = {
				LastSwiftUpdateCheck = 1250;
				LastUpgradeCheck = 1250;
				TargetAttributes = {
					3194A5DA26E1CE870071E638 = {
						CreatedOnToolsVersion = 12.5.1;
					};
				};
			};
			buildConfigurationList = 3194A5D626E1CE870071E638 /* Build configuration list for PBXProject "StarWarsInfo" */;
			compatibilityVersion = "Xcode 9.3";
			developmentRegion = en;
			hasScannedForEncodings = 0;
			knownRegions = (
				en,
				Base,
			);
			mainGroup = 3194A5D226E1CE870071E638;
			packageReferences = (
				3194A63026E1DEED0071E638 /* XCRemoteSwiftPackageReference "BobaFetch" */,
			);
			productRefGroup = 3194A5DC26E1CE870071E638 /* Products */;
			projectDirPath = "";
			projectRoot = "";
			targets = (
				3194A5DA26E1CE870071E638 /* StarWarsInfo */,
			);
		};
/* End PBXProject section */

/* Begin PBXResourcesBuildPhase section */
		3194A5D926E1CE870071E638 /* Resources */ = {
			isa = PBXResourcesBuildPhase;
			buildActionMask = 2147483647;
			files = (
				3194A5EB26E1CE890071E638 /* LaunchScreen.storyboard in Resources */,
				3194A5E826E1CE890071E638 /* Assets.xcassets in Resources */,
				3194A64826E28A520071E638 /* RecordTableViewCell.xib in Resources */,
				3194A5E626E1CE870071E638 /* Main.storyboard in Resources */,
			);
			runOnlyForDeploymentPostprocessing = 0;
		};
/* End PBXResourcesBuildPhase section */

/* Begin PBXSourcesBuildPhase section */
		3194A5D726E1CE870071E638 /* Sources */ = {
			isa = PBXSourcesBuildPhase;
			buildActionMask = 2147483647;
			files = (
				3194A5E326E1CE870071E638 /* ViewController.swift in Sources */,
				3194A64F26E2F01A0071E638 /* Extensions.swift in Sources */,
				3194A64A26E2C8180071E638 /* PlanetsMapper.swift in Sources */,
				3194A5DF26E1CE870071E638 /* AppDelegate.swift in Sources */,
				3194A64726E28A520071E638 /* RecordTableViewCell.swift in Sources */,
				3194A64C26E2C82B0071E638 /* FilmsMapper.swift in Sources */,
				3194A62826E1DB510071E638 /* EyesMapper.swift in Sources */,
				3194A5E126E1CE870071E638 /* SceneDelegate.swift in Sources */,
				3194A62E26E1DB920071E638 /* PresentationRecord.swift in Sources */,
			);
			runOnlyForDeploymentPostprocessing = 0;
		};
/* End PBXSourcesBuildPhase section */

/* Begin PBXVariantGroup section */
		3194A5E426E1CE870071E638 /* Main.storyboard */ = {
			isa = PBXVariantGroup;
			children = (
				3194A5E526E1CE870071E638 /* Base */,
			);
			name = Main.storyboard;
			sourceTree = "<group>";
		};
		3194A5E926E1CE890071E638 /* LaunchScreen.storyboard */ = {
			isa = PBXVariantGroup;
			children = (
				3194A5EA26E1CE890071E638 /* Base */,
			);
			name = LaunchScreen.storyboard;
			sourceTree = "<group>";
		};
/* End PBXVariantGroup section */

/* Begin XCBuildConfiguration section */
		3194A5ED26E1CE890071E638 /* Debug */ = {
			isa = XCBuildConfiguration;
			buildSettings = {
				ALWAYS_SEARCH_USER_PATHS = NO;
				CLANG_ANALYZER_NONNULL = YES;
				CLANG_ANALYZER_NUMBER_OBJECT_CONVERSION = YES_AGGRESSIVE;
				CLANG_CXX_LANGUAGE_STANDARD = "gnu++14";
				CLANG_CXX_LIBRARY = "libc++";
				CLANG_ENABLE_MODULES = YES;
				CLANG_ENABLE_OBJC_ARC = YES;
				CLANG_ENABLE_OBJC_WEAK = YES;
				CLANG_WARN_BLOCK_CAPTURE_AUTORELEASING = YES;
				CLANG_WARN_BOOL_CONVERSION = YES;
				CLANG_WARN_COMMA = YES;
				CLANG_WARN_CONSTANT_CONVERSION = YES;
				CLANG_WARN_DEPRECATED_OBJC_IMPLEMENTATIONS = YES;
				CLANG_WARN_DIRECT_OBJC_ISA_USAGE = YES_ERROR;
				CLANG_WARN_DOCUMENTATION_COMMENTS = YES;
				CLANG_WARN_EMPTY_BODY = YES;
				CLANG_WARN_ENUM_CONVERSION = YES;
				CLANG_WARN_INFINITE_RECURSION = YES;
				CLANG_WARN_INT_CONVERSION = YES;
				CLANG_WARN_NON_LITERAL_NULL_CONVERSION = YES;
				CLANG_WARN_OBJC_IMPLICIT_RETAIN_SELF = YES;
				CLANG_WARN_OBJC_LITERAL_CONVERSION = YES;
				CLANG_WARN_OBJC_ROOT_CLASS = YES_ERROR;
				CLANG_WARN_QUOTED_INCLUDE_IN_FRAMEWORK_HEADER = YES;
				CLANG_WARN_RANGE_LOOP_ANALYSIS = YES;
				CLANG_WARN_STRICT_PROTOTYPES = YES;
				CLANG_WARN_SUSPICIOUS_MOVE = YES;
				CLANG_WARN_UNGUARDED_AVAILABILITY = YES_AGGRESSIVE;
				CLANG_WARN_UNREACHABLE_CODE = YES;
				CLANG_WARN__DUPLICATE_METHOD_MATCH = YES;
				COPY_PHASE_STRIP = NO;
				DEBUG_INFORMATION_FORMAT = dwarf;
				ENABLE_STRICT_OBJC_MSGSEND = YES;
				ENABLE_TESTABILITY = YES;
				GCC_C_LANGUAGE_STANDARD = gnu11;
				GCC_DYNAMIC_NO_PIC = NO;
				GCC_NO_COMMON_BLOCKS = YES;
				GCC_OPTIMIZATION_LEVEL = 0;
				GCC_PREPROCESSOR_DEFINITIONS = (
					"DEBUG=1",
					"$(inherited)",
				);
				GCC_WARN_64_TO_32_BIT_CONVERSION = YES;
				GCC_WARN_ABOUT_RETURN_TYPE = YES_ERROR;
				GCC_WARN_UNDECLARED_SELECTOR = YES;
				GCC_WARN_UNINITIALIZED_AUTOS = YES_AGGRESSIVE;
				GCC_WARN_UNUSED_FUNCTION = YES;
				GCC_WARN_UNUSED_VARIABLE = YES;
				IPHONEOS_DEPLOYMENT_TARGET = 14.5;
				MTL_ENABLE_DEBUG_INFO = INCLUDE_SOURCE;
				MTL_FAST_MATH = YES;
				ONLY_ACTIVE_ARCH = YES;
				SDKROOT = iphoneos;
				SWIFT_ACTIVE_COMPILATION_CONDITIONS = DEBUG;
				SWIFT_OPTIMIZATION_LEVEL = "-Onone";
			};
			name = Debug;
		};
		3194A5EE26E1CE890071E638 /* Release */ = {
			isa = XCBuildConfiguration;
			buildSettings = {
				ALWAYS_SEARCH_USER_PATHS = NO;
				CLANG_ANALYZER_NONNULL = YES;
				CLANG_ANALYZER_NUMBER_OBJECT_CONVERSION = YES_AGGRESSIVE;
				CLANG_CXX_LANGUAGE_STANDARD = "gnu++14";
				CLANG_CXX_LIBRARY = "libc++";
				CLANG_ENABLE_MODULES = YES;
				CLANG_ENABLE_OBJC_ARC = YES;
				CLANG_ENABLE_OBJC_WEAK = YES;
				CLANG_WARN_BLOCK_CAPTURE_AUTORELEASING = YES;
				CLANG_WARN_BOOL_CONVERSION = YES;
				CLANG_WARN_COMMA = YES;
				CLANG_WARN_CONSTANT_CONVERSION = YES;
				CLANG_WARN_DEPRECATED_OBJC_IMPLEMENTATIONS = YES;
				CLANG_WARN_DIRECT_OBJC_ISA_USAGE = YES_ERROR;
				CLANG_WARN_DOCUMENTATION_COMMENTS = YES;
				CLANG_WARN_EMPTY_BODY = YES;
				CLANG_WARN_ENUM_CONVERSION = YES;
				CLANG_WARN_INFINITE_RECURSION = YES;
				CLANG_WARN_INT_CONVERSION = YES;
				CLANG_WARN_NON_LITERAL_NULL_CONVERSION = YES;
				CLANG_WARN_OBJC_IMPLICIT_RETAIN_SELF = YES;
				CLANG_WARN_OBJC_LITERAL_CONVERSION = YES;
				CLANG_WARN_OBJC_ROOT_CLASS = YES_ERROR;
				CLANG_WARN_QUOTED_INCLUDE_IN_FRAMEWORK_HEADER = YES;
				CLANG_WARN_RANGE_LOOP_ANALYSIS = YES;
				CLANG_WARN_STRICT_PROTOTYPES = YES;
				CLANG_WARN_SUSPICIOUS_MOVE = YES;
				CLANG_WARN_UNGUARDED_AVAILABILITY = YES_AGGRESSIVE;
				CLANG_WARN_UNREACHABLE_CODE = YES;
				CLANG_WARN__DUPLICATE_METHOD_MATCH = YES;
				COPY_PHASE_STRIP = NO;
				DEBUG_INFORMATION_FORMAT = "dwarf-with-dsym";
				ENABLE_NS_ASSERTIONS = NO;
				ENABLE_STRICT_OBJC_MSGSEND = YES;
				GCC_C_LANGUAGE_STANDARD = gnu11;
				GCC_NO_COMMON_BLOCKS = YES;
				GCC_WARN_64_TO_32_BIT_CONVERSION = YES;
				GCC_WARN_ABOUT_RETURN_TYPE = YES_ERROR;
				GCC_WARN_UNDECLARED_SELECTOR = YES;
				GCC_WARN_UNINITIALIZED_AUTOS = YES_AGGRESSIVE;
				GCC_WARN_UNUSED_FUNCTION = YES;
				GCC_WARN_UNUSED_VARIABLE = YES;
				IPHONEOS_DEPLOYMENT_TARGET = 14.5;
				MTL_ENABLE_DEBUG_INFO = NO;
				MTL_FAST_MATH = YES;
				SDKROOT = iphoneos;
				SWIFT_COMPILATION_MODE = wholemodule;
				SWIFT_OPTIMIZATION_LEVEL = "-O";
				VALIDATE_PRODUCT = YES;
			};
			name = Release;
		};
		3194A5F026E1CE890071E638 /* Debug */ = {
			isa = XCBuildConfiguration;
			buildSettings = {
				ASSETCATALOG_COMPILER_APPICON_NAME = AppIcon;
				ASSETCATALOG_COMPILER_GLOBAL_ACCENT_COLOR_NAME = AccentColor;
				CODE_SIGN_STYLE = Automatic;
				DEVELOPMENT_TEAM = 764CCJ2LYX;
				INFOPLIST_FILE = StarWarsInfo/Info.plist;
				LD_RUNPATH_SEARCH_PATHS = (
					"$(inherited)",
					"@executable_path/Frameworks",
				);
				PRODUCT_BUNDLE_IDENTIFIER = com.mc.StarWarsInfo;
				PRODUCT_NAME = "$(TARGET_NAME)";
				SWIFT_VERSION = 5.0;
				TARGETED_DEVICE_FAMILY = "1,2";
			};
			name = Debug;
		};
		3194A5F126E1CE890071E638 /* Release */ = {
			isa = XCBuildConfiguration;
			buildSettings = {
				ASSETCATALOG_COMPILER_APPICON_NAME = AppIcon;
				ASSETCATALOG_COMPILER_GLOBAL_ACCENT_COLOR_NAME = AccentColor;
				CODE_SIGN_STYLE = Automatic;
				DEVELOPMENT_TEAM = 764CCJ2LYX;
				INFOPLIST_FILE = StarWarsInfo/Info.plist;
				LD_RUNPATH_SEARCH_PATHS = (
					"$(inherited)",
					"@executable_path/Frameworks",
				);
				PRODUCT_BUNDLE_IDENTIFIER = com.mc.StarWarsInfo;
				PRODUCT_NAME = "$(TARGET_NAME)";
				SWIFT_VERSION = 5.0;
				TARGETED_DEVICE_FAMILY = "1,2";
			};
			name = Release;
		};
/* End XCBuildConfiguration section */

/* Begin XCConfigurationList section */
		3194A5D626E1CE870071E638 /* Build configuration list for PBXProject "StarWarsInfo" */ = {
			isa = XCConfigurationList;
			buildConfigurations = (
				3194A5ED26E1CE890071E638 /* Debug */,
				3194A5EE26E1CE890071E638 /* Release */,
			);
			defaultConfigurationIsVisible = 0;
			defaultConfigurationName = Release;
		};
		3194A5EF26E1CE890071E638 /* Build configuration list for PBXNativeTarget "StarWarsInfo" */ = {
			isa = XCConfigurationList;
			buildConfigurations = (
				3194A5F026E1CE890071E638 /* Debug */,
				3194A5F126E1CE890071E638 /* Release */,
			);
			defaultConfigurationIsVisible = 0;
			defaultConfigurationName = Release;
		};
/* End XCConfigurationList section */

/* Begin XCRemoteSwiftPackageReference section */
		3194A63026E1DEED0071E638 /* XCRemoteSwiftPackageReference "BobaFetch" */ = {
			isa = XCRemoteSwiftPackageReference;
			repositoryURL = "https://github.com/miguelc95/BobaFetch";
			requirement = {
				branch = development;
				kind = branch;
			};
		};
/* End XCRemoteSwiftPackageReference section */

/* Begin XCSwiftPackageProductDependency section */
		3194A63126E1DEED0071E638 /* BobaFetch */ = {
			isa = XCSwiftPackageProductDependency;
			package = 3194A63026E1DEED0071E638 /* XCRemoteSwiftPackageReference "BobaFetch" */;
			productName = BobaFetch;
		};
/* End XCSwiftPackageProductDependency section */
	};
	rootObject = 3194A5D326E1CE870071E638 /* Project object */;
}
