{
  "object": {
    "pins": [
      {
        "package": "BobaFetch",
        "repositoryURL": "https://github.com/miguelc95/BobaFetch",
        "state": {
          "branch": "development",
          "revision": "7850d8c39573ccf6cc3f82e37e441a3229a0c833",
          "version": null
        }
      }
    ]
  },
  "version": 1
}
